
Microsoft Visual Studio Solution File, Format Version 12.00
# Visual Studio Version 17
VisualStudioVersion = 17.4.33213.308
MinimumVisualStudioVersion = 10.0.40219.1
Project("{FAE04EC0-301F-11D3-BF4B-00C04F79EFBC}") = "Week9-List", "Week9-List\Week9-List.csproj", "{2830AAF5-9BCD-4CB8-ABC4-34A3D75ADBBF}"
EndProject
Global
	GlobalSection(SolutionConfigurationPlatforms) = preSolution
		Debug|Any CPU = Debug|Any CPU
		Release|Any CPU = Release|Any CPU
	EndGlobalSection
	GlobalSection(ProjectConfigurationPlatforms) = postSolution
		{2830AAF5-9BCD-4CB8-ABC4-34A3D75ADBBF}.Debug|Any CPU.ActiveCfg = Debug|Any CPU
		{2830AAF5-9BCD-4CB8-ABC4-34A3D75ADBBF}.Debug|Any CPU.Build.0 = Debug|Any CPU
		{2830AAF5-9BCD-4CB8-ABC4-34A3D75ADBBF}.Release|Any CPU.ActiveCfg = Release|Any CPU
		{2830AAF5-9BCD-4CB8-ABC4-34A3D75ADBBF}.Release|Any CPU.Build.0 = Release|Any CPU
	EndGlobalSection
	GlobalSection(SolutionProperties) = preSolution
		HideSolutionNode = FALSE
	EndGlobalSection
	GlobalSection(ExtensibilityGlobals) = postSolution
		SolutionGuid = {ECBD3E8F-FA48-4B3E-9752-2B010D9BA8CD}
	EndGlobalSection
EndGlobal
